
Microsoft Visual Studio Solution File, Format Version 12.00
# Visual Studio 2012
Project("{FAE04EC0-301F-11D3-BF4B-00C04F79EFBC}") = "Capture2Net", "Capture2Net\Capture2Net.csproj", "{BFF9D33B-5E30-4E46-B053-B25979419FDF}"
EndProject
Global
	GlobalSection(SolutionConfigurationPlatforms) = preSolution
		Debug|Any CPU = Debug|Any CPU
		Release|Any CPU = Release|Any CPU
	EndGlobalSection
	GlobalSection(ProjectConfigurationPlatforms) = postSolution
		{BFF9D33B-5E30-4E46-B053-B25979419FDF}.Debug|Any CPU.ActiveCfg = Debug|Any CPU
		{BFF9D33B-5E30-4E46-B053-B25979419FDF}.Debug|Any CPU.Build.0 = Debug|Any CPU
		{BFF9D33B-5E30-4E46-B053-B25979419FDF}.Release|Any CPU.ActiveCfg = Release|Any CPU
		{BFF9D33B-5E30-4E46-B053-B25979419FDF}.Release|Any CPU.Build.0 = Release|Any CPU
	EndGlobalSection
	GlobalSection(SolutionProperties) = preSolution
		HideSolutionNode = FALSE
	EndGlobalSection
EndGlobal
